{
  "name": "eventtracker",
  "requires": true,
  "lockfileVersion": 1,
  "dependencies": {
    "@mars/heroku-js-runtime-env": {
      "version": "3.0.2",
      "resolved": "https://registry.npmjs.org/@mars/heroku-js-runtime-env/-/heroku-js-runtime-env-3.0.2.tgz",
      "integrity": "sha1-5bhIDtgrVARkdKCKE5uNlWCvOig="
    }
  }
}
